
Microsoft Visual Studio Solution File, Format Version 12.00
# Blend for Visual Studio Version 16
VisualStudioVersion = 16.0.29001.49
MinimumVisualStudioVersion = 10.0.40219.1
Project("{FAE04EC0-301F-11D3-BF4B-00C04F79EFBC}") = "FDR", "FDR\FDR.csproj", "{DFBBB772-AF01-4AEB-AE81-3D8F206CF0A8}"
EndProject
Global
	GlobalSection(SolutionConfigurationPlatforms) = preSolution
		Debug|Any CPU = Debug|Any CPU
		Release|Any CPU = Release|Any CPU
	EndGlobalSection
	GlobalSection(ProjectConfigurationPlatforms) = postSolution
		{DFBBB772-AF01-4AEB-AE81-3D8F206CF0A8}.Debug|Any CPU.ActiveCfg = Debug|Any CPU
		{DFBBB772-AF01-4AEB-AE81-3D8F206CF0A8}.Debug|Any CPU.Build.0 = Debug|Any CPU
		{DFBBB772-AF01-4AEB-AE81-3D8F206CF0A8}.Release|Any CPU.ActiveCfg = Release|Any CPU
		{DFBBB772-AF01-4AEB-AE81-3D8F206CF0A8}.Release|Any CPU.Build.0 = Release|Any CPU
	EndGlobalSection
	GlobalSection(SolutionProperties) = preSolution
		HideSolutionNode = FALSE
	EndGlobalSection
	GlobalSection(ExtensibilityGlobals) = postSolution
		SolutionGuid = {E88AFCEB-95E7-4C9F-83CD-7483E936F8F1}
	EndGlobalSection
EndGlobal
